
Microsoft Visual Studio Solution File, Format Version 12.00
# Visual Studio Version 17
VisualStudioVersion = 17.13.35828.75 d17.13
MinimumVisualStudioVersion = 10.0.40219.1
Project("{FAE04EC0-301F-11D3-BF4B-00C04F79EFBC}") = "mission-6", "mission-6\mission-6.csproj", "{66420362-D75C-481F-B8C5-A63C5B9B6023}"
EndProject
Global
	GlobalSection(SolutionConfigurationPlatforms) = preSolution
		Debug|Any CPU = Debug|Any CPU
		Release|Any CPU = Release|Any CPU
	EndGlobalSection
	GlobalSection(ProjectConfigurationPlatforms) = postSolution
		{66420362-D75C-481F-B8C5-A63C5B9B6023}.Debug|Any CPU.ActiveCfg = Debug|Any CPU
		{66420362-D75C-481F-B8C5-A63C5B9B6023}.Debug|Any CPU.Build.0 = Debug|Any CPU
		{66420362-D75C-481F-B8C5-A63C5B9B6023}.Release|Any CPU.ActiveCfg = Release|Any CPU
		{66420362-D75C-481F-B8C5-A63C5B9B6023}.Release|Any CPU.Build.0 = Release|Any CPU
	EndGlobalSection
	GlobalSection(SolutionProperties) = preSolution
		HideSolutionNode = FALSE
	EndGlobalSection
	GlobalSection(ExtensibilityGlobals) = postSolution
		SolutionGuid = {0A9BD735-FF55-4782-8B58-A52E1F4F56A0}
	EndGlobalSection
EndGlobal
