
Microsoft Visual Studio Solution File, Format Version 12.00
# Visual Studio Version 17
VisualStudioVersion = 17.13.35825.156 d17.13
MinimumVisualStudioVersion = 10.0.40219.1
Project("{FAE04EC0-301F-11D3-BF4B-00C04F79EFBC}") = "HelloWorld", "HelloWorld\HelloWorld.csproj", "{F6697C10-163D-41DB-A221-6A908810D92A}"
EndProject
Global
	GlobalSection(SolutionConfigurationPlatforms) = preSolution
		Debug|Any CPU = Debug|Any CPU
		Release|Any CPU = Release|Any CPU
	EndGlobalSection
	GlobalSection(ProjectConfigurationPlatforms) = postSolution
		{F6697C10-163D-41DB-A221-6A908810D92A}.Debug|Any CPU.ActiveCfg = Debug|Any CPU
		{F6697C10-163D-41DB-A221-6A908810D92A}.Debug|Any CPU.Build.0 = Debug|Any CPU
		{F6697C10-163D-41DB-A221-6A908810D92A}.Release|Any CPU.ActiveCfg = Release|Any CPU
		{F6697C10-163D-41DB-A221-6A908810D92A}.Release|Any CPU.Build.0 = Release|Any CPU
	EndGlobalSection
	GlobalSection(SolutionProperties) = preSolution
		HideSolutionNode = FALSE
	EndGlobalSection
	GlobalSection(ExtensibilityGlobals) = postSolution
		SolutionGuid = {0E5C4EEC-ADC9-4099-A391-A67D46611B8A}
	EndGlobalSection
EndGlobal
