
Microsoft Visual Studio Solution File, Format Version 12.00
# Visual Studio Version 17
VisualStudioVersion = 17.13.35825.156 d17.13
MinimumVisualStudioVersion = 10.0.40219.1
Project("{FAE04EC0-301F-11D3-BF4B-00C04F79EFBC}") = "mission_3", "mission_3\mission_3.csproj", "{829FD929-EE8D-40EC-840D-C47E228404D1}"
EndProject
Global
	GlobalSection(SolutionConfigurationPlatforms) = preSolution
		Debug|Any CPU = Debug|Any CPU
		Release|Any CPU = Release|Any CPU
	EndGlobalSection
	GlobalSection(ProjectConfigurationPlatforms) = postSolution
		{829FD929-EE8D-40EC-840D-C47E228404D1}.Debug|Any CPU.ActiveCfg = Debug|Any CPU
		{829FD929-EE8D-40EC-840D-C47E228404D1}.Debug|Any CPU.Build.0 = Debug|Any CPU
		{829FD929-EE8D-40EC-840D-C47E228404D1}.Release|Any CPU.ActiveCfg = Release|Any CPU
		{829FD929-EE8D-40EC-840D-C47E228404D1}.Release|Any CPU.Build.0 = Release|Any CPU
	EndGlobalSection
	GlobalSection(SolutionProperties) = preSolution
		HideSolutionNode = FALSE
	EndGlobalSection
	GlobalSection(ExtensibilityGlobals) = postSolution
		SolutionGuid = {2D46C5E2-C465-4F7F-8654-59B3B1674096}
	EndGlobalSection
EndGlobal
